// !$*UTF8*$!
{
	archiveVersion = 1;
	classes = {
	};
	objectVersion = 46;
	objects = {

/* Begin PBXBuildFile section */
		3146C25A1D79B386006CB250 /* AppDelegate.swift in Sources */ = {isa = PBXBuildFile; fileRef = 3146C2591D79B386006CB250 /* AppDelegate.swift */; };
		3146C25C1D79B386006CB250 /* ViewController.swift in Sources */ = {isa = PBXBuildFile; fileRef = 3146C25B1D79B386006CB250 /* ViewController.swift */; };
		3146C25F1D79B386006CB250 /* Main.storyboard in Resources */ = {isa = PBXBuildFile; fileRef = 3146C25D1D79B386006CB250 /* Main.storyboard */; };
		3146C2611D79B386006CB250 /* Assets.xcassets in Resources */ = {isa = PBXBuildFile; fileRef = 3146C2601D79B386006CB250 /* Assets.xcassets */; };
		3146C2641D79B386006CB250 /* LaunchScreen.storyboard in Resources */ = {isa = PBXBuildFile; fileRef = 3146C2621D79B386006CB250 /* LaunchScreen.storyboard */; };
		3146C26F1D79B386006CB250 /* flashCardTests.swift in Sources */ = {isa = PBXBuildFile; fileRef = 3146C26E1D79B386006CB250 /* flashCardTests.swift */; };
/* End PBXBuildFile section */

/* Begin PBXContainerItemProxy section */
		3146C26B1D79B386006CB250 /* PBXContainerItemProxy */ = {
			isa = PBXContainerItemProxy;
			containerPortal = 3146C24E1D79B385006CB250 /* Project object */;
			proxyType = 1;
			remoteGlobalIDString = 3146C2551D79B385006CB250;
			remoteInfo = flashCard;
		};
/* End PBXContainerItemProxy section */

/* Begin PBXFileReference section */
		3146C2561D79B385006CB250 /* flashCard.app */ = {isa = PBXFileReference; explicitFileType = wrapper.application; includeInIndex = 0; path = flashCard.app; sourceTree = BUILT_PRODUCTS_DIR; };
		3146C2591D79B386006CB250 /* AppDelegate.swift */ = {isa = PBXFileReference; lastKnownFileType = sourcecode.swift; path = AppDelegate.swift; sourceTree = "<group>"; };
		3146C25B1D79B386006CB250 /* ViewController.swift */ = {isa = PBXFileReference; lastKnownFileType = sourcecode.swift; path = ViewController.swift; sourceTree = "<group>"; };
		3146C25E1D79B386006CB250 /* Base */ = {isa = PBXFileReference; lastKnownFileType = file.storyboard; name = Base; path = Base.lproj/Main.storyboard; sourceTree = "<group>"; };
		3146C2601D79B386006CB250 /* Assets.xcassets */ = {isa = PBXFileReference; lastKnownFileType = folder.assetcatalog; path = Assets.xcassets; sourceTree = "<group>"; };
		3146C2631D79B386006CB250 /* Base */ = {isa = PBXFileReference; lastKnownFileType = file.storyboard; name = Base; path = Base.lproj/LaunchScreen.storyboard; sourceTree = "<group>"; };
		3146C2651D79B386006CB250 /* Info.plist */ = {isa = PBXFileReference; lastKnownFileType = text.plist.xml; path = Info.plist; sourceTree = "<group>"; };
		3146C26A1D79B386006CB250 /* flashCardTests.xctest */ = {isa = PBXFileReference; explicitFileType = wrapper.cfbundle; includeInIndex = 0; path = flashCardTests.xctest; sourceTree = BUILT_PRODUCTS_DIR; };
		3146C26E1D79B386006CB250 /* flashCardTests.swift */ = {isa = PBXFileReference; lastKnownFileType = sourcecode.swift; path = flashCardTests.swift; sourceTree = "<group>"; };
		3146C2701D79B386006CB250 /* Info.plist */ = {isa = PBXFileReference; lastKnownFileType = text.plist.xml; path = Info.plist; sourceTree = "<group>"; };
/* End PBXFileReference section */

/* Begin PBXFrameworksBuildPhase section */
		3146C2531D79B385006CB250 /* Frameworks */ = {
			isa = PBXFrameworksBuildPhase;
			buildActionMask = 2147483647;
			files = (
			);
			runOnlyForDeploymentPostprocessing = 0;
		};
		3146C2671D79B386006CB250 /* Frameworks */ = {
			isa = PBXFrameworksBuildPhase;
			buildActionMask = 2147483647;
			files = (
			);
			runOnlyForDeploymentPostprocessing = 0;
		};
/* End PBXFrameworksBuildPhase section */

/* Begin PBXGroup section */
		3146C24D1D79B385006CB250 = {
			isa = PBXGroup;
			children = (
				3146C2581D79B385006CB250 /* flashCard */,
				3146C26D1D79B386006CB250 /* flashCardTests */,
				3146C2571D79B385006CB250 /* Products */,
			);
			sourceTree = "<group>";
		};
		3146C2571D79B385006CB250 /* Products */ = {
			isa = PBXGroup;
			children = (
				3146C2561D79B385006CB250 /* flashCard.app */,
				3146C26A1D79B386006CB250 /* flashCardTests.xctest */,
			);
			name = Products;
			sourceTree = "<group>";
		};
		3146C2581D79B385006CB250 /* flashCard */ = {
			isa = PBXGroup;
			children = (
				3146C2591D79B386006CB250 /* AppDelegate.swift */,
				3146C25B1D79B386006CB250 /* ViewController.swift */,
				3146C25D1D79B386006CB250 /* Main.storyboard */,
				3146C2601D79B386006CB250 /* Assets.xcassets */,
				3146C2621D79B386006CB250 /* LaunchScreen.storyboard */,
				3146C2651D79B386006CB250 /* Info.plist */,
			);
			path = flashCard;
			sourceTree = "<group>";
		};
		3146C26D1D79B386006CB250 /* flashCardTests */ = {
			isa = PBXGroup;
			children = (
				3146C26E1D79B386006CB250 /* flashCardTests.swift */,
				3146C2701D79B386006CB250 /* Info.plist */,
			);
			path = flashCardTests;
			sourceTree = "<group>";
		};
/* End PBXGroup section */

/* Begin PBXNativeTarget section */
		3146C2551D79B385006CB250 /* flashCard */ = {
			isa = PBXNativeTarget;
			buildConfigurationList = 3146C2731D79B386006CB250 /* Build configuration list for PBXNativeTarget "flashCard" */;
			buildPhases = (
				3146C2521D79B385006CB250 /* Sources */,
				3146C2531D79B385006CB250 /* Frameworks */,
				3146C2541D79B385006CB250 /* Resources */,
			);
			buildRules = (
			);
			dependencies = (
			);
			name = flashCard;
			productName = flashCard;
			productReference = 3146C2561D79B385006CB250 /* flashCard.app */;
			productType = "com.apple.product-type.application";
		};
		3146C2691D79B386006CB250 /* flashCardTests */ = {
			isa = PBXNativeTarget;
			buildConfigurationList = 3146C2761D79B386006CB250 /* Build configuration list for PBXNativeTarget "flashCardTests" */;
			buildPhases = (
				3146C2661D79B386006CB250 /* Sources */,
				3146C2671D79B386006CB250 /* Frameworks */,
				3146C2681D79B386006CB250 /* Resources */,
			);
			buildRules = (
			);
			dependencies = (
				3146C26C1D79B386006CB250 /* PBXTargetDependency */,
			);
			name = flashCardTests;
			productName = flashCardTests;
			productReference = 3146C26A1D79B386006CB250 /* flashCardTests.xctest */;
			productType = "com.apple.product-type.bundle.unit-test";
		};
/* End PBXNativeTarget section */

/* Begin PBXProject section */
		3146C24E1D79B385006CB250 /* Project object */ = {
			isa = PBXProject;
			attributes = {
				LastSwiftUpdateCheck = 0730;
				LastUpgradeCheck = 0730;
				ORGANIZATIONNAME = "Scott Courtney";
				TargetAttributes = {
					3146C2551D79B385006CB250 = {
						CreatedOnToolsVersion = 7.3.1;
					};
					3146C2691D79B386006CB250 = {
						CreatedOnToolsVersion = 7.3.1;
						TestTargetID = 3146C2551D79B385006CB250;
					};
				};
			};
			buildConfigurationList = 3146C2511D79B385006CB250 /* Build configuration list for PBXProject "flashCard" */;
			compatibilityVersion = "Xcode 3.2";
			developmentRegion = English;
			hasScannedForEncodings = 0;
			knownRegions = (
				en,
				Base,
			);
			mainGroup = 3146C24D1D79B385006CB250;
			productRefGroup = 3146C2571D79B385006CB250 /* Products */;
			projectDirPath = "";
			projectRoot = "";
			targets = (
				3146C2551D79B385006CB250 /* flashCard */,
				3146C2691D79B386006CB250 /* flashCardTests */,
			);
		};
/* End PBXProject section */

/* Begin PBXResourcesBuildPhase section */
		3146C2541D79B385006CB250 /* Resources */ = {
			isa = PBXResourcesBuildPhase;
			buildActionMask = 2147483647;
			files = (
				3146C2641D79B386006CB250 /* LaunchScreen.storyboard in Resources */,
				3146C2611D79B386006CB250 /* Assets.xcassets in Resources */,
				3146C25F1D79B386006CB250 /* Main.storyboard in Resources */,
			);
			runOnlyForDeploymentPostprocessing = 0;
		};
		3146C2681D79B386006CB250 /* Resources */ = {
			isa = PBXResourcesBuildPhase;
			buildActionMask = 2147483647;
			files = (
			);
			runOnlyForDeploymentPostprocessing = 0;
		};
/* End PBXResourcesBuildPhase section */

/* Begin PBXSourcesBuildPhase section */
		3146C2521D79B385006CB250 /* Sources */ = {
			isa = PBXSourcesBuildPhase;
			buildActionMask = 2147483647;
			files = (
				3146C25C1D79B386006CB250 /* ViewController.swift in Sources */,
				3146C25A1D79B386006CB250 /* AppDelegate.swift in Sources */,
			);
			runOnlyForDeploymentPostprocessing = 0;
		};
		3146C2661D79B386006CB250 /* Sources */ = {
			isa = PBXSourcesBuildPhase;
			buildActionMask = 2147483647;
			files = (
				3146C26F1D79B386006CB250 /* flashCardTests.swift in Sources */,
			);
			runOnlyForDeploymentPostprocessing = 0;
		};
/* End PBXSourcesBuildPhase section */

/* Begin PBXTargetDependency section */
		3146C26C1D79B386006CB250 /* PBXTargetDependency */ = {
			isa = PBXTargetDependency;
			target = 3146C2551D79B385006CB250 /* flashCard */;
			targetProxy = 3146C26B1D79B386006CB250 /* PBXContainerItemProxy */;
		};
/* End PBXTargetDependency section */

/* Begin PBXVariantGroup section */
		3146C25D1D79B386006CB250 /* Main.storyboard */ = {
			isa = PBXVariantGroup;
			children = (
				3146C25E1D79B386006CB250 /* Base */,
			);
			name = Main.storyboard;
			sourceTree = "<group>";
		};
		3146C2621D79B386006CB250 /* LaunchScreen.storyboard */ = {
			isa = PBXVariantGroup;
			children = (
				3146C2631D79B386006CB250 /* Base */,
			);
			name = LaunchScreen.storyboard;
			sourceTree = "<group>";
		};
/* End PBXVariantGroup section */

/* Begin XCBuildConfiguration section */
		3146C2711D79B386006CB250 /* Debug */ = {
			isa = XCBuildConfiguration;
			buildSettings = {
				ALWAYS_SEARCH_USER_PATHS = NO;
				CLANG_ANALYZER_NONNULL = YES;
				CLANG_CXX_LANGUAGE_STANDARD = "gnu++0x";
				CLANG_CXX_LIBRARY = "libc++";
				CLANG_ENABLE_MODULES = YES;
				CLANG_ENABLE_OBJC_ARC = YES;
				CLANG_WARN_BOOL_CONVERSION = YES;
				CLANG_WARN_CONSTANT_CONVERSION = YES;
				CLANG_WARN_DIRECT_OBJC_ISA_USAGE = YES_ERROR;
				CLANG_WARN_EMPTY_BODY = YES;
				CLANG_WARN_ENUM_CONVERSION = YES;
				CLANG_WARN_INT_CONVERSION = YES;
				CLANG_WARN_OBJC_ROOT_CLASS = YES_ERROR;
				CLANG_WARN_UNREACHABLE_CODE = YES;
				CLANG_WARN__DUPLICATE_METHOD_MATCH = YES;
				"CODE_SIGN_IDENTITY[sdk=iphoneos*]" = "iPhone Developer";
				COPY_PHASE_STRIP = NO;
				DEBUG_INFORMATION_FORMAT = dwarf;
				ENABLE_STRICT_OBJC_MSGSEND = YES;
				ENABLE_TESTABILITY = YES;
				GCC_C_LANGUAGE_STANDARD = gnu99;
				GCC_DYNAMIC_NO_PIC = NO;
				GCC_NO_COMMON_BLOCKS = YES;
				GCC_OPTIMIZATION_LEVEL = 0;
				GCC_PREPROCESSOR_DEFINITIONS = (
					"DEBUG=1",
					"$(inherited)",
				);
				GCC_WARN_64_TO_32_BIT_CONVERSION = YES;
				GCC_WARN_ABOUT_RETURN_TYPE = YES_ERROR;
				GCC_WARN_UNDECLARED_SELECTOR = YES;
				GCC_WARN_UNINITIALIZED_AUTOS = YES_AGGRESSIVE;
				GCC_WARN_UNUSED_FUNCTION = YES;
				GCC_WARN_UNUSED_VARIABLE = YES;
				IPHONEOS_DEPLOYMENT_TARGET = 9.3;
				MTL_ENABLE_DEBUG_INFO = YES;
				ONLY_ACTIVE_ARCH = YES;
				SDKROOT = iphoneos;
				SWIFT_OPTIMIZATION_LEVEL = "-Onone";
			};
			name = Debug;
		};
		3146C2721D79B386006CB250 /* Release */ = {
			isa = XCBuildConfiguration;
			buildSettings = {
				ALWAYS_SEARCH_USER_PATHS = NO;
				CLANG_ANALYZER_NONNULL = YES;
				CLANG_CXX_LANGUAGE_STANDARD = "gnu++0x";
				CLANG_CXX_LIBRARY = "libc++";
				CLANG_ENABLE_MODULES = YES;
				CLANG_ENABLE_OBJC_ARC = YES;
				CLANG_WARN_BOOL_CONVERSION = YES;
				CLANG_WARN_CONSTANT_CONVERSION = YES;
				CLANG_WARN_DIRECT_OBJC_ISA_USAGE = YES_ERROR;
				CLANG_WARN_EMPTY_BODY = YES;
				CLANG_WARN_ENUM_CONVERSION = YES;
				CLANG_WARN_INT_CONVERSION = YES;
				CLANG_WARN_OBJC_ROOT_CLASS = YES_ERROR;
				CLANG_WARN_UNREACHABLE_CODE = YES;
				CLANG_WARN__DUPLICATE_METHOD_MATCH = YES;
				"CODE_SIGN_IDENTITY[sdk=iphoneos*]" = "iPhone Developer";
				COPY_PHASE_STRIP = NO;
				DEBUG_INFORMATION_FORMAT = "dwarf-with-dsym";
				ENABLE_NS_ASSERTIONS = NO;
				ENABLE_STRICT_OBJC_MSGSEND = YES;
				GCC_C_LANGUAGE_STANDARD = gnu99;
				GCC_NO_COMMON_BLOCKS = YES;
				GCC_WARN_64_TO_32_BIT_CONVERSION = YES;
				GCC_WARN_ABOUT_RETURN_TYPE = YES_ERROR;
				GCC_WARN_UNDECLARED_SELECTOR = YES;
				GCC_WARN_UNINITIALIZED_AUTOS = YES_AGGRESSIVE;
				GCC_WARN_UNUSED_FUNCTION = YES;
				GCC_WARN_UNUSED_VARIABLE = YES;
				IPHONEOS_DEPLOYMENT_TARGET = 9.3;
				MTL_ENABLE_DEBUG_INFO = NO;
				SDKROOT = iphoneos;
				VALIDATE_PRODUCT = YES;
			};
			name = Release;
		};
		3146C2741D79B386006CB250 /* Debug */ = {
			isa = XCBuildConfiguration;
			buildSettings = {
				ASSETCATALOG_COMPILER_APPICON_NAME = AppIcon;
				INFOPLIST_FILE = flashCard/Info.plist;
				LD_RUNPATH_SEARCH_PATHS = "$(inherited) @executable_path/Frameworks";
				PRODUCT_BUNDLE_IDENTIFIER = "Scott-Courtney.flashCard";
				PRODUCT_NAME = "$(TARGET_NAME)";
			};
			name = Debug;
		};
		3146C2751D79B386006CB250 /* Release */ = {
			isa = XCBuildConfiguration;
			buildSettings = {
				ASSETCATALOG_COMPILER_APPICON_NAME = AppIcon;
				INFOPLIST_FILE = flashCard/Info.plist;
				LD_RUNPATH_SEARCH_PATHS = "$(inherited) @executable_path/Frameworks";
				PRODUCT_BUNDLE_IDENTIFIER = "Scott-Courtney.flashCard";
				PRODUCT_NAME = "$(TARGET_NAME)";
			};
			name = Release;
		};
		3146C2771D79B386006CB250 /* Debug */ = {
			isa = XCBuildConfiguration;
			buildSettings = {
				BUNDLE_LOADER = "$(TEST_HOST)";
				INFOPLIST_FILE = flashCardTests/Info.plist;
				LD_RUNPATH_SEARCH_PATHS = "$(inherited) @executable_path/Frameworks @loader_path/Frameworks";
				PRODUCT_BUNDLE_IDENTIFIER = "Scott-Courtney.flashCardTests";
				PRODUCT_NAME = "$(TARGET_NAME)";
				TEST_HOST = "$(BUILT_PRODUCTS_DIR)/flashCard.app/flashCard";
			};
			name = Debug;
		};
		3146C2781D79B386006CB250 /* Release */ = {
			isa = XCBuildConfiguration;
			buildSettings = {
				BUNDLE_LOADER = "$(TEST_HOST)";
				INFOPLIST_FILE = flashCardTests/Info.plist;
				LD_RUNPATH_SEARCH_PATHS = "$(inherited) @executable_path/Frameworks @loader_path/Frameworks";
				PRODUCT_BUNDLE_IDENTIFIER = "Scott-Courtney.flashCardTests";
				PRODUCT_NAME = "$(TARGET_NAME)";
				TEST_HOST = "$(BUILT_PRODUCTS_DIR)/flashCard.app/flashCard";
			};
			name = Release;
		};
/* End XCBuildConfiguration section */

/* Begin XCConfigurationList section */
		3146C2511D79B385006CB250 /* Build configuration list for PBXProject "flashCard" */ = {
			isa = XCConfigurationList;
			buildConfigurations = (
				3146C2711D79B386006CB250 /* Debug */,
				3146C2721D79B386006CB250 /* Release */,
			);
			defaultConfigurationIsVisible = 0;
			defaultConfigurationName = Release;
		};
		3146C2731D79B386006CB250 /* Build configuration list for PBXNativeTarget "flashCard" */ = {
			isa = XCConfigurationList;
			buildConfigurations = (
				3146C2741D79B386006CB250 /* Debug */,
				3146C2751D79B386006CB250 /* Release */,
			);
			defaultConfigurationIsVisible = 0;
		};
		3146C2761D79B386006CB250 /* Build configuration list for PBXNativeTarget "flashCardTests" */ = {
			isa = XCConfigurationList;
			buildConfigurations = (
				3146C2771D79B386006CB250 /* Debug */,
				3146C2781D79B386006CB250 /* Release */,
			);
			defaultConfigurationIsVisible = 0;
		};
/* End XCConfigurationList section */
	};
	rootObject = 3146C24E1D79B385006CB250 /* Project object */;
}
